// !$*UTF8*$!
{
	archiveVersion = 1;
	classes = {
	};
	objectVersion = 46;
	objects = {

/* Begin PBXBuildFile section */
		D72BA3641C084CA8003745DF /* myTableView.m in Sources */ = {isa = PBXBuildFile; fileRef = D72BA3631C084CA8003745DF /* myTableView.m */; };
		D72BA3671C084CE5003745DF /* MyViewController.m in Sources */ = {isa = PBXBuildFile; fileRef = D72BA3661C084CE5003745DF /* MyViewController.m */; };
		D7619C751BFC3D1A00C48219 /* locationbuttonview.xib in Resources */ = {isa = PBXBuildFile; fileRef = D7619C741BFC3D1A00C48219 /* locationbuttonview.xib */; };
		D7619C7C1BFC3D5F00C48219 /* FaceDetecteViewController.m in Sources */ = {isa = PBXBuildFile; fileRef = D7619C771BFC3D5F00C48219 /* FaceDetecteViewController.m */; };
		D7619C7D1BFC3D5F00C48219 /* RootViewTabBarController.m in Sources */ = {isa = PBXBuildFile; fileRef = D7619C791BFC3D5F00C48219 /* RootViewTabBarController.m */; };
		D7619C7E1BFC3D5F00C48219 /* FirstPageViewController.m in Sources */ = {isa = PBXBuildFile; fileRef = D7619C7B1BFC3D5F00C48219 /* FirstPageViewController.m */; };
		D7619C811BFC3D9200C48219 /* Main.storyboard in Resources */ = {isa = PBXBuildFile; fileRef = D7619C801BFC3D9200C48219 /* Main.storyboard */; };
		D7619C841BFC3EAF00C48219 /* FaceImageView.m in Sources */ = {isa = PBXBuildFile; fileRef = D7619C831BFC3EAF00C48219 /* FaceImageView.m */; };
		D7619C871BFC3FF500C48219 /* FaceSynthesisViewController.m in Sources */ = {isa = PBXBuildFile; fileRef = D7619C861BFC3FF500C48219 /* FaceSynthesisViewController.m */; };
		D7619C8D1BFC460E00C48219 /* Face83Position.m in Sources */ = {isa = PBXBuildFile; fileRef = D7619C8C1BFC460E00C48219 /* Face83Position.m */; };
		D7B3FDD41BFC3AAA00D5E6A2 /* main.m in Sources */ = {isa = PBXBuildFile; fileRef = D7B3FDD31BFC3AAA00D5E6A2 /* main.m */; };
		D7B3FDD71BFC3AAA00D5E6A2 /* AppDelegate.m in Sources */ = {isa = PBXBuildFile; fileRef = D7B3FDD61BFC3AAA00D5E6A2 /* AppDelegate.m */; };
		D7B3FDDA1BFC3AAA00D5E6A2 /* ViewController.m in Sources */ = {isa = PBXBuildFile; fileRef = D7B3FDD91BFC3AAA00D5E6A2 /* ViewController.m */; };
		D7B3FDDF1BFC3AAA00D5E6A2 /* Assets.xcassets in Resources */ = {isa = PBXBuildFile; fileRef = D7B3FDDE1BFC3AAA00D5E6A2 /* Assets.xcassets */; };
		D7B3FDE21BFC3AAA00D5E6A2 /* LaunchScreen.storyboard in Resources */ = {isa = PBXBuildFile; fileRef = D7B3FDE01BFC3AAA00D5E6A2 /* LaunchScreen.storyboard */; };
		D7B3FDED1BFC3AAA00D5E6A2 /* LianKaTests.m in Sources */ = {isa = PBXBuildFile; fileRef = D7B3FDEC1BFC3AAA00D5E6A2 /* LianKaTests.m */; };
		D7B3FDF81BFC3AAA00D5E6A2 /* LianKaUITests.m in Sources */ = {isa = PBXBuildFile; fileRef = D7B3FDF71BFC3AAA00D5E6A2 /* LianKaUITests.m */; };
		D7BF3A911C1712C7008860C9 /* dressSimulateVC.m in Sources */ = {isa = PBXBuildFile; fileRef = D7BF3A901C1712C7008860C9 /* dressSimulateVC.m */; };
		D7BF3A941C171422008860C9 /* MyFaceDection.m in Sources */ = {isa = PBXBuildFile; fileRef = D7BF3A931C171422008860C9 /* MyFaceDection.m */; };
		D7E952681C0841E100C82737 /* BaCaoQuanViewController.m in Sources */ = {isa = PBXBuildFile; fileRef = D7E952671C0841E100C82737 /* BaCaoQuanViewController.m */; };
		E91A66FC778A909453BF3B33 /* libPods.a in Frameworks */ = {isa = PBXBuildFile; fileRef = EED4D81F36CA863A4807FEA6 /* libPods.a */; };
/* End PBXBuildFile section */

/* Begin PBXContainerItemProxy section */
		D7B3FDE91BFC3AAA00D5E6A2 /* PBXContainerItemProxy */ = {
			isa = PBXContainerItemProxy;
			containerPortal = D7B3FDC71BFC3AAA00D5E6A2 /* Project object */;
			proxyType = 1;
			remoteGlobalIDString = D7B3FDCE1BFC3AAA00D5E6A2;
			remoteInfo = LianKa;
		};
		D7B3FDF41BFC3AAA00D5E6A2 /* PBXContainerItemProxy */ = {
			isa = PBXContainerItemProxy;
			containerPortal = D7B3FDC71BFC3AAA00D5E6A2 /* Project object */;
			proxyType = 1;
			remoteGlobalIDString = D7B3FDCE1BFC3AAA00D5E6A2;
			remoteInfo = LianKa;
		};
/* End PBXContainerItemProxy section */

/* Begin PBXFileReference section */
		19D94CD0037A9D67CD97DA82 /* Pods.debug.xcconfig */ = {isa = PBXFileReference; includeInIndex = 1; lastKnownFileType = text.xcconfig; name = Pods.debug.xcconfig; path = "Pods/Target Support Files/Pods/Pods.debug.xcconfig"; sourceTree = "<group>"; };
		7ACF4DF8E4BBE69C43E4BE17 /* Pods.release.xcconfig */ = {isa = PBXFileReference; includeInIndex = 1; lastKnownFileType = text.xcconfig; name = Pods.release.xcconfig; path = "Pods/Target Support Files/Pods/Pods.release.xcconfig"; sourceTree = "<group>"; };
		D72BA3621C084CA8003745DF /* myTableView.h */ = {isa = PBXFileReference; fileEncoding = 4; lastKnownFileType = sourcecode.c.h; path = myTableView.h; sourceTree = "<group>"; };
		D72BA3631C084CA8003745DF /* myTableView.m */ = {isa = PBXFileReference; fileEncoding = 4; lastKnownFileType = sourcecode.c.objc; path = myTableView.m; sourceTree = "<group>"; };
		D72BA3651C084CE5003745DF /* MyViewController.h */ = {isa = PBXFileReference; fileEncoding = 4; lastKnownFileType = sourcecode.c.h; path = MyViewController.h; sourceTree = "<group>"; };
		D72BA3661C084CE5003745DF /* MyViewController.m */ = {isa = PBXFileReference; fileEncoding = 4; lastKnownFileType = sourcecode.c.objc; path = MyViewController.m; sourceTree = "<group>"; };
		D7619C741BFC3D1A00C48219 /* locationbuttonview.xib */ = {isa = PBXFileReference; fileEncoding = 4; lastKnownFileType = file.xib; path = locationbuttonview.xib; sourceTree = "<group>"; };
		D7619C761BFC3D5F00C48219 /* FaceDetecteViewController.h */ = {isa = PBXFileReference; fileEncoding = 4; lastKnownFileType = sourcecode.c.h; path = FaceDetecteViewController.h; sourceTree = "<group>"; };
		D7619C771BFC3D5F00C48219 /* FaceDetecteViewController.m */ = {isa = PBXFileReference; fileEncoding = 4; lastKnownFileType = sourcecode.c.objc; path = FaceDetecteViewController.m; sourceTree = "<group>"; };
		D7619C781BFC3D5F00C48219 /* RootViewTabBarController.h */ = {isa = PBXFileReference; fileEncoding = 4; lastKnownFileType = sourcecode.c.h; path = RootViewTabBarController.h; sourceTree = "<group>"; };
		D7619C791BFC3D5F00C48219 /* RootViewTabBarController.m */ = {isa = PBXFileReference; fileEncoding = 4; lastKnownFileType = sourcecode.c.objc; path = RootViewTabBarController.m; sourceTree = "<group>"; };
		D7619C7A1BFC3D5F00C48219 /* FirstPageViewController.h */ = {isa = PBXFileReference; fileEncoding = 4; lastKnownFileType = sourcecode.c.h; path = FirstPageViewController.h; sourceTree = "<group>"; };
		D7619C7B1BFC3D5F00C48219 /* FirstPageViewController.m */ = {isa = PBXFileReference; fileEncoding = 4; lastKnownFileType = sourcecode.c.objc; path = FirstPageViewController.m; sourceTree = "<group>"; };
		D7619C7F1BFC3D7D00C48219 /* APIKey+APISecret.h */ = {isa = PBXFileReference; fileEncoding = 4; lastKnownFileType = sourcecode.c.h; path = "APIKey+APISecret.h"; sourceTree = "<group>"; };
		D7619C801BFC3D9200C48219 /* Main.storyboard */ = {isa = PBXFileReference; fileEncoding = 4; lastKnownFileType = file.storyboard; path = Main.storyboard; sourceTree = "<group>"; };
		D7619C821BFC3EAF00C48219 /* FaceImageView.h */ = {isa = PBXFileReference; fileEncoding = 4; lastKnownFileType = sourcecode.c.h; path = FaceImageView.h; sourceTree = "<group>"; };
		D7619C831BFC3EAF00C48219 /* FaceImageView.m */ = {isa = PBXFileReference; fileEncoding = 4; lastKnownFileType = sourcecode.c.objc; path = FaceImageView.m; sourceTree = "<group>"; };
		D7619C851BFC3FF500C48219 /* FaceSynthesisViewController.h */ = {isa = PBXFileReference; fileEncoding = 4; lastKnownFileType = sourcecode.c.h; path = FaceSynthesisViewController.h; sourceTree = "<group>"; };
		D7619C861BFC3FF500C48219 /* FaceSynthesisViewController.m */ = {isa = PBXFileReference; fileEncoding = 4; lastKnownFileType = sourcecode.c.objc; path = FaceSynthesisViewController.m; sourceTree = "<group>"; };
		D7619C8B1BFC460E00C48219 /* Face83Position.h */ = {isa = PBXFileReference; fileEncoding = 4; lastKnownFileType = sourcecode.c.h; path = Face83Position.h; sourceTree = "<group>"; };
		D7619C8C1BFC460E00C48219 /* Face83Position.m */ = {isa = PBXFileReference; fileEncoding = 4; lastKnownFileType = sourcecode.c.objc; path = Face83Position.m; sourceTree = "<group>"; };
		D7B3FDCF1BFC3AAA00D5E6A2 /* LianKa.app */ = {isa = PBXFileReference; explicitFileType = wrapper.application; includeInIndex = 0; path = LianKa.app; sourceTree = BUILT_PRODUCTS_DIR; };
		D7B3FDD31BFC3AAA00D5E6A2 /* main.m */ = {isa = PBXFileReference; lastKnownFileType = sourcecode.c.objc; path = main.m; sourceTree = "<group>"; };
		D7B3FDD51BFC3AAA00D5E6A2 /* AppDelegate.h */ = {isa = PBXFileReference; lastKnownFileType = sourcecode.c.h; path = AppDelegate.h; sourceTree = "<group>"; };
		D7B3FDD61BFC3AAA00D5E6A2 /* AppDelegate.m */ = {isa = PBXFileReference; lastKnownFileType = sourcecode.c.objc; path = AppDelegate.m; sourceTree = "<group>"; };
		D7B3FDD81BFC3AAA00D5E6A2 /* ViewController.h */ = {isa = PBXFileReference; lastKnownFileType = sourcecode.c.h; path = ViewController.h; sourceTree = "<group>"; };
		D7B3FDD91BFC3AAA00D5E6A2 /* ViewController.m */ = {isa = PBXFileReference; lastKnownFileType = sourcecode.c.objc; path = ViewController.m; sourceTree = "<group>"; };
		D7B3FDDE1BFC3AAA00D5E6A2 /* Assets.xcassets */ = {isa = PBXFileReference; lastKnownFileType = folder.assetcatalog; path = Assets.xcassets; sourceTree = "<group>"; };
		D7B3FDE11BFC3AAA00D5E6A2 /* Base */ = {isa = PBXFileReference; lastKnownFileType = file.storyboard; name = Base; path = Base.lproj/LaunchScreen.storyboard; sourceTree = "<group>"; };
		D7B3FDE31BFC3AAA00D5E6A2 /* Info.plist */ = {isa = PBXFileReference; lastKnownFileType = text.plist.xml; path = Info.plist; sourceTree = "<group>"; };
		D7B3FDE81BFC3AAA00D5E6A2 /* LianKaTests.xctest */ = {isa = PBXFileReference; explicitFileType = wrapper.cfbundle; includeInIndex = 0; path = LianKaTests.xctest; sourceTree = BUILT_PRODUCTS_DIR; };
		D7B3FDEC1BFC3AAA00D5E6A2 /* LianKaTests.m */ = {isa = PBXFileReference; lastKnownFileType = sourcecode.c.objc; path = LianKaTests.m; sourceTree = "<group>"; };
		D7B3FDEE1BFC3AAA00D5E6A2 /* Info.plist */ = {isa = PBXFileReference; lastKnownFileType = text.plist.xml; path = Info.plist; sourceTree = "<group>"; };
		D7B3FDF31BFC3AAA00D5E6A2 /* LianKaUITests.xctest */ = {isa = PBXFileReference; explicitFileType = wrapper.cfbundle; includeInIndex = 0; path = LianKaUITests.xctest; sourceTree = BUILT_PRODUCTS_DIR; };
		D7B3FDF71BFC3AAA00D5E6A2 /* LianKaUITests.m */ = {isa = PBXFileReference; lastKnownFileType = sourcecode.c.objc; path = LianKaUITests.m; sourceTree = "<group>"; };
		D7B3FDF91BFC3AAA00D5E6A2 /* Info.plist */ = {isa = PBXFileReference; lastKnownFileType = text.plist.xml; path = Info.plist; sourceTree = "<group>"; };
		D7BF3A8F1C1712C7008860C9 /* dressSimulateVC.h */ = {isa = PBXFileReference; fileEncoding = 4; lastKnownFileType = sourcecode.c.h; path = dressSimulateVC.h; sourceTree = "<group>"; };
		D7BF3A901C1712C7008860C9 /* dressSimulateVC.m */ = {isa = PBXFileReference; fileEncoding = 4; lastKnownFileType = sourcecode.c.objc; path = dressSimulateVC.m; sourceTree = "<group>"; };
		D7BF3A921C171422008860C9 /* MyFaceDection.h */ = {isa = PBXFileReference; fileEncoding = 4; lastKnownFileType = sourcecode.c.h; path = MyFaceDection.h; sourceTree = "<group>"; };
		D7BF3A931C171422008860C9 /* MyFaceDection.m */ = {isa = PBXFileReference; fileEncoding = 4; lastKnownFileType = sourcecode.c.objc; path = MyFaceDection.m; sourceTree = "<group>"; };
		D7E952661C0841E100C82737 /* BaCaoQuanViewController.h */ = {isa = PBXFileReference; fileEncoding = 4; lastKnownFileType = sourcecode.c.h; path = BaCaoQuanViewController.h; sourceTree = "<group>"; };
		D7E952671C0841E100C82737 /* BaCaoQuanViewController.m */ = {isa = PBXFileReference; fileEncoding = 4; lastKnownFileType = sourcecode.c.objc; path = BaCaoQuanViewController.m; sourceTree = "<group>"; };
		EED4D81F36CA863A4807FEA6 /* libPods.a */ = {isa = PBXFileReference; explicitFileType = archive.ar; includeInIndex = 0; path = libPods.a; sourceTree = BUILT_PRODUCTS_DIR; };
/* End PBXFileReference section */

/* Begin PBXFrameworksBuildPhase section */
		D7B3FDCC1BFC3AAA00D5E6A2 /* Frameworks */ = {
			isa = PBXFrameworksBuildPhase;
			buildActionMask = 2147483647;
			files = (
				E91A66FC778A909453BF3B33 /* libPods.a in Frameworks */,
			);
			runOnlyForDeploymentPostprocessing = 0;
		};
		D7B3FDE51BFC3AAA00D5E6A2 /* Frameworks */ = {
			isa = PBXFrameworksBuildPhase;
			buildActionMask = 2147483647;
			files = (
			);
			runOnlyForDeploymentPostprocessing = 0;
		};
		D7B3FDF01BFC3AAA00D5E6A2 /* Frameworks */ = {
			isa = PBXFrameworksBuildPhase;
			buildActionMask = 2147483647;
			files = (
			);
			runOnlyForDeploymentPostprocessing = 0;
		};
/* End PBXFrameworksBuildPhase section */

/* Begin PBXGroup section */
		1442294827BBA8A84023421F /* Pods */ = {
			isa = PBXGroup;
			children = (
				19D94CD0037A9D67CD97DA82 /* Pods.debug.xcconfig */,
				7ACF4DF8E4BBE69C43E4BE17 /* Pods.release.xcconfig */,
			);
			name = Pods;
			sourceTree = "<group>";
		};
		281CEEBF15C4516DD8192740 /* Frameworks */ = {
			isa = PBXGroup;
			children = (
				EED4D81F36CA863A4807FEA6 /* libPods.a */,
			);
			name = Frameworks;
			sourceTree = "<group>";
		};
		D7619C701BFC3CC400C48219 /* models */ = {
			isa = PBXGroup;
			children = (
				D7619C8B1BFC460E00C48219 /* Face83Position.h */,
				D7619C8C1BFC460E00C48219 /* Face83Position.m */,
				D7BF3A921C171422008860C9 /* MyFaceDection.h */,
				D7BF3A931C171422008860C9 /* MyFaceDection.m */,
			);
			name = models;
			sourceTree = "<group>";
		};
		D7619C721BFC3CF200C48219 /* views */ = {
			isa = PBXGroup;
			children = (
				D7619C821BFC3EAF00C48219 /* FaceImageView.h */,
				D7619C831BFC3EAF00C48219 /* FaceImageView.m */,
				D7619C741BFC3D1A00C48219 /* locationbuttonview.xib */,
				D72BA3621C084CA8003745DF /* myTableView.h */,
				D72BA3631C084CA8003745DF /* myTableView.m */,
			);
			name = views;
			sourceTree = "<group>";
		};
		D7619C731BFC3CFC00C48219 /* controllers */ = {
			isa = PBXGroup;
			children = (
				D7619C761BFC3D5F00C48219 /* FaceDetecteViewController.h */,
				D7619C771BFC3D5F00C48219 /* FaceDetecteViewController.m */,
				D7619C781BFC3D5F00C48219 /* RootViewTabBarController.h */,
				D7619C791BFC3D5F00C48219 /* RootViewTabBarController.m */,
				D7619C7A1BFC3D5F00C48219 /* FirstPageViewController.h */,
				D7619C7B1BFC3D5F00C48219 /* FirstPageViewController.m */,
				D7619C851BFC3FF500C48219 /* FaceSynthesisViewController.h */,
				D7619C861BFC3FF500C48219 /* FaceSynthesisViewController.m */,
				D7E952661C0841E100C82737 /* BaCaoQuanViewController.h */,
				D7E952671C0841E100C82737 /* BaCaoQuanViewController.m */,
				D72BA3651C084CE5003745DF /* MyViewController.h */,
				D72BA3661C084CE5003745DF /* MyViewController.m */,
				D7BF3A8F1C1712C7008860C9 /* dressSimulateVC.h */,
				D7BF3A901C1712C7008860C9 /* dressSimulateVC.m */,
			);
			name = controllers;
			sourceTree = "<group>";
		};
		D7B3FDC61BFC3AAA00D5E6A2 = {
			isa = PBXGroup;
			children = (
				D7B3FDD11BFC3AAA00D5E6A2 /* LianKa */,
				D7B3FDEB1BFC3AAA00D5E6A2 /* LianKaTests */,
				D7B3FDF61BFC3AAA00D5E6A2 /* LianKaUITests */,
				D7B3FDD01BFC3AAA00D5E6A2 /* Products */,
				1442294827BBA8A84023421F /* Pods */,
				281CEEBF15C4516DD8192740 /* Frameworks */,
			);
			sourceTree = "<group>";
		};
		D7B3FDD01BFC3AAA00D5E6A2 /* Products */ = {
			isa = PBXGroup;
			children = (
				D7B3FDCF1BFC3AAA00D5E6A2 /* LianKa.app */,
				D7B3FDE81BFC3AAA00D5E6A2 /* LianKaTests.xctest */,
				D7B3FDF31BFC3AAA00D5E6A2 /* LianKaUITests.xctest */,
			);
			name = Products;
			sourceTree = "<group>";
		};
		D7B3FDD11BFC3AAA00D5E6A2 /* LianKa */ = {
			isa = PBXGroup;
			children = (
				D7619C7F1BFC3D7D00C48219 /* APIKey+APISecret.h */,
				D7619C731BFC3CFC00C48219 /* controllers */,
				D7619C721BFC3CF200C48219 /* views */,
				D7619C701BFC3CC400C48219 /* models */,
				D7B3FDD51BFC3AAA00D5E6A2 /* AppDelegate.h */,
				D7B3FDD61BFC3AAA00D5E6A2 /* AppDelegate.m */,
				D7B3FDD81BFC3AAA00D5E6A2 /* ViewController.h */,
				D7B3FDD91BFC3AAA00D5E6A2 /* ViewController.m */,
				D7619C801BFC3D9200C48219 /* Main.storyboard */,
				D7B3FDDE1BFC3AAA00D5E6A2 /* Assets.xcassets */,
				D7B3FDE01BFC3AAA00D5E6A2 /* LaunchScreen.storyboard */,
				D7B3FDE31BFC3AAA00D5E6A2 /* Info.plist */,
				D7B3FDD21BFC3AAA00D5E6A2 /* Supporting Files */,
			);
			path = LianKa;
			sourceTree = "<group>";
		};
		D7B3FDD21BFC3AAA00D5E6A2 /* Supporting Files */ = {
			isa = PBXGroup;
			children = (
				D7B3FDD31BFC3AAA00D5E6A2 /* main.m */,
			);
			name = "Supporting Files";
			sourceTree = "<group>";
		};
		D7B3FDEB1BFC3AAA00D5E6A2 /* LianKaTests */ = {
			isa = PBXGroup;
			children = (
				D7B3FDEC1BFC3AAA00D5E6A2 /* LianKaTests.m */,
				D7B3FDEE1BFC3AAA00D5E6A2 /* Info.plist */,
			);
			path = LianKaTests;
			sourceTree = "<group>";
		};
		D7B3FDF61BFC3AAA00D5E6A2 /* LianKaUITests */ = {
			isa = PBXGroup;
			children = (
				D7B3FDF71BFC3AAA00D5E6A2 /* LianKaUITests.m */,
				D7B3FDF91BFC3AAA00D5E6A2 /* Info.plist */,
			);
			path = LianKaUITests;
			sourceTree = "<group>";
		};
/* End PBXGroup section */

/* Begin PBXNativeTarget section */
		D7B3FDCE1BFC3AAA00D5E6A2 /* LianKa */ = {
			isa = PBXNativeTarget;
			buildConfigurationList = D7B3FDFC1BFC3AAA00D5E6A2 /* Build configuration list for PBXNativeTarget "LianKa" */;
			buildPhases = (
				7CA5A2154A2747D102517851 /* Check Pods Manifest.lock */,
				D7B3FDCB1BFC3AAA00D5E6A2 /* Sources */,
				D7B3FDCC1BFC3AAA00D5E6A2 /* Frameworks */,
				D7B3FDCD1BFC3AAA00D5E6A2 /* Resources */,
				B1129C5C27E1A68F756C90FE /* Embed Pods Frameworks */,
				099DDBDD99BE4D4CA8399FE5 /* Copy Pods Resources */,
			);
			buildRules = (
			);
			dependencies = (
			);
			name = LianKa;
			productName = LianKa;
			productReference = D7B3FDCF1BFC3AAA00D5E6A2 /* LianKa.app */;
			productType = "com.apple.product-type.application";
		};
		D7B3FDE71BFC3AAA00D5E6A2 /* LianKaTests */ = {
			isa = PBXNativeTarget;
			buildConfigurationList = D7B3FDFF1BFC3AAA00D5E6A2 /* Build configuration list for PBXNativeTarget "LianKaTests" */;
			buildPhases = (
				D7B3FDE41BFC3AAA00D5E6A2 /* Sources */,
				D7B3FDE51BFC3AAA00D5E6A2 /* Frameworks */,
				D7B3FDE61BFC3AAA00D5E6A2 /* Resources */,
			);
			buildRules = (
			);
			dependencies = (
				D7B3FDEA1BFC3AAA00D5E6A2 /* PBXTargetDependency */,
			);
			name = LianKaTests;
			productName = LianKaTests;
			productReference = D7B3FDE81BFC3AAA00D5E6A2 /* LianKaTests.xctest */;
			productType = "com.apple.product-type.bundle.unit-test";
		};
		D7B3FDF21BFC3AAA00D5E6A2 /* LianKaUITests */ = {
			isa = PBXNativeTarget;
			buildConfigurationList = D7B3FE021BFC3AAA00D5E6A2 /* Build configuration list for PBXNativeTarget "LianKaUITests" */;
			buildPhases = (
				D7B3FDEF1BFC3AAA00D5E6A2 /* Sources */,
				D7B3FDF01BFC3AAA00D5E6A2 /* Frameworks */,
				D7B3FDF11BFC3AAA00D5E6A2 /* Resources */,
			);
			buildRules = (
			);
			dependencies = (
				D7B3FDF51BFC3AAA00D5E6A2 /* PBXTargetDependency */,
			);
			name = LianKaUITests;
			productName = LianKaUITests;
			productReference = D7B3FDF31BFC3AAA00D5E6A2 /* LianKaUITests.xctest */;
			productType = "com.apple.product-type.bundle.ui-testing";
		};
/* End PBXNativeTarget section */

/* Begin PBXProject section */
		D7B3FDC71BFC3AAA00D5E6A2 /* Project object */ = {
			isa = PBXProject;
			attributes = {
				LastUpgradeCheck = 0710;
				ORGANIZATIONNAME = tenghaojun;
				TargetAttributes = {
					D7B3FDCE1BFC3AAA00D5E6A2 = {
						CreatedOnToolsVersion = 7.1.1;
						DevelopmentTeam = 9Z5H4B7ZFT;
					};
					D7B3FDE71BFC3AAA00D5E6A2 = {
						CreatedOnToolsVersion = 7.1.1;
						DevelopmentTeam = 9Z5H4B7ZFT;
						TestTargetID = D7B3FDCE1BFC3AAA00D5E6A2;
					};
					D7B3FDF21BFC3AAA00D5E6A2 = {
						CreatedOnToolsVersion = 7.1.1;
						DevelopmentTeam = 9Z5H4B7ZFT;
						TestTargetID = D7B3FDCE1BFC3AAA00D5E6A2;
					};
				};
			};
			buildConfigurationList = D7B3FDCA1BFC3AAA00D5E6A2 /* Build configuration list for PBXProject "LianKa" */;
			compatibilityVersion = "Xcode 3.2";
			developmentRegion = English;
			hasScannedForEncodings = 0;
			knownRegions = (
				en,
				Base,
			);
			mainGroup = D7B3FDC61BFC3AAA00D5E6A2;
			productRefGroup = D7B3FDD01BFC3AAA00D5E6A2 /* Products */;
			projectDirPath = "";
			projectRoot = "";
			targets = (
				D7B3FDCE1BFC3AAA00D5E6A2 /* LianKa */,
				D7B3FDE71BFC3AAA00D5E6A2 /* LianKaTests */,
				D7B3FDF21BFC3AAA00D5E6A2 /* LianKaUITests */,
			);
		};
/* End PBXProject section */

/* Begin PBXResourcesBuildPhase section */
		D7B3FDCD1BFC3AAA00D5E6A2 /* Resources */ = {
			isa = PBXResourcesBuildPhase;
			buildActionMask = 2147483647;
			files = (
				D7B3FDE21BFC3AAA00D5E6A2 /* LaunchScreen.storyboard in Resources */,
				D7619C811BFC3D9200C48219 /* Main.storyboard in Resources */,
				D7B3FDDF1BFC3AAA00D5E6A2 /* Assets.xcassets in Resources */,
				D7619C751BFC3D1A00C48219 /* locationbuttonview.xib in Resources */,
			);
			runOnlyForDeploymentPostprocessing = 0;
		};
		D7B3FDE61BFC3AAA00D5E6A2 /* Resources */ = {
			isa = PBXResourcesBuildPhase;
			buildActionMask = 2147483647;
			files = (
			);
			runOnlyForDeploymentPostprocessing = 0;
		};
		D7B3FDF11BFC3AAA00D5E6A2 /* Resources */ = {
			isa = PBXResourcesBuildPhase;
			buildActionMask = 2147483647;
			files = (
			);
			runOnlyForDeploymentPostprocessing = 0;
		};
/* End PBXResourcesBuildPhase section */

/* Begin PBXShellScriptBuildPhase section */
		099DDBDD99BE4D4CA8399FE5 /* Copy Pods Resources */ = {
			isa = PBXShellScriptBuildPhase;
			buildActionMask = 2147483647;
			files = (
			);
			inputPaths = (
			);
			name = "Copy Pods Resources";
			outputPaths = (
			);
			runOnlyForDeploymentPostprocessing = 0;
			shellPath = /bin/sh;
			shellScript = "\"${SRCROOT}/Pods/Target Support Files/Pods/Pods-resources.sh\"\n";
			showEnvVarsInLog = 0;
		};
		7CA5A2154A2747D102517851 /* Check Pods Manifest.lock */ = {
			isa = PBXShellScriptBuildPhase;
			buildActionMask = 2147483647;
			files = (
			);
			inputPaths = (
			);
			name = "Check Pods Manifest.lock";
			outputPaths = (
			);
			runOnlyForDeploymentPostprocessing = 0;
			shellPath = /bin/sh;
			shellScript = "diff \"${PODS_ROOT}/../Podfile.lock\" \"${PODS_ROOT}/Manifest.lock\" > /dev/null\nif [[ $? != 0 ]] ; then\n    cat << EOM\nerror: The sandbox is not in sync with the Podfile.lock. Run 'pod install' or update your CocoaPods installation.\nEOM\n    exit 1\nfi\n";
			showEnvVarsInLog = 0;
		};
		B1129C5C27E1A68F756C90FE /* Embed Pods Frameworks */ = {
			isa = PBXShellScriptBuildPhase;
			buildActionMask = 2147483647;
			files = (
			);
			inputPaths = (
			);
			name = "Embed Pods Frameworks";
			outputPaths = (
			);
			runOnlyForDeploymentPostprocessing = 0;
			shellPath = /bin/sh;
			shellScript = "\"${SRCROOT}/Pods/Target Support Files/Pods/Pods-frameworks.sh\"\n";
			showEnvVarsInLog = 0;
		};
/* End PBXShellScriptBuildPhase section */

/* Begin PBXSourcesBuildPhase section */
		D7B3FDCB1BFC3AAA00D5E6A2 /* Sources */ = {
			isa = PBXSourcesBuildPhase;
			buildActionMask = 2147483647;
			files = (
				D7BF3A911C1712C7008860C9 /* dressSimulateVC.m in Sources */,
				D72BA3641C084CA8003745DF /* myTableView.m in Sources */,
				D7619C871BFC3FF500C48219 /* FaceSynthesisViewController.m in Sources */,
				D7B3FDDA1BFC3AAA00D5E6A2 /* ViewController.m in Sources */,
				D7E952681C0841E100C82737 /* BaCaoQuanViewController.m in Sources */,
				D7B3FDD71BFC3AAA00D5E6A2 /* AppDelegate.m in Sources */,
				D7619C7E1BFC3D5F00C48219 /* FirstPageViewController.m in Sources */,
				D72BA3671C084CE5003745DF /* MyViewController.m in Sources */,
				D7619C7D1BFC3D5F00C48219 /* RootViewTabBarController.m in Sources */,
				D7619C7C1BFC3D5F00C48219 /* FaceDetecteViewController.m in Sources */,
				D7619C841BFC3EAF00C48219 /* FaceImageView.m in Sources */,
				D7BF3A941C171422008860C9 /* MyFaceDection.m in Sources */,
				D7B3FDD41BFC3AAA00D5E6A2 /* main.m in Sources */,
				D7619C8D1BFC460E00C48219 /* Face83Position.m in Sources */,
			);
			runOnlyForDeploymentPostprocessing = 0;
		};
		D7B3FDE41BFC3AAA00D5E6A2 /* Sources */ = {
			isa = PBXSourcesBuildPhase;
			buildActionMask = 2147483647;
			files = (
				D7B3FDED1BFC3AAA00D5E6A2 /* LianKaTests.m in Sources */,
			);
			runOnlyForDeploymentPostprocessing = 0;
		};
		D7B3FDEF1BFC3AAA00D5E6A2 /* Sources */ = {
			isa = PBXSourcesBuildPhase;
			buildActionMask = 2147483647;
			files = (
				D7B3FDF81BFC3AAA00D5E6A2 /* LianKaUITests.m in Sources */,
			);
			runOnlyForDeploymentPostprocessing = 0;
		};
/* End PBXSourcesBuildPhase section */

/* Begin PBXTargetDependency section */
		D7B3FDEA1BFC3AAA00D5E6A2 /* PBXTargetDependency */ = {
			isa = PBXTargetDependency;
			target = D7B3FDCE1BFC3AAA00D5E6A2 /* LianKa */;
			targetProxy = D7B3FDE91BFC3AAA00D5E6A2 /* PBXContainerItemProxy */;
		};
		D7B3FDF51BFC3AAA00D5E6A2 /* PBXTargetDependency */ = {
			isa = PBXTargetDependency;
			target = D7B3FDCE1BFC3AAA00D5E6A2 /* LianKa */;
			targetProxy = D7B3FDF41BFC3AAA00D5E6A2 /* PBXContainerItemProxy */;
		};
/* End PBXTargetDependency section */

/* Begin PBXVariantGroup section */
		D7B3FDE01BFC3AAA00D5E6A2 /* LaunchScreen.storyboard */ = {
			isa = PBXVariantGroup;
			children = (
				D7B3FDE11BFC3AAA00D5E6A2 /* Base */,
			);
			name = LaunchScreen.storyboard;
			sourceTree = "<group>";
		};
/* End PBXVariantGroup section */

/* Begin XCBuildConfiguration section */
		D7B3FDFA1BFC3AAA00D5E6A2 /* Debug */ = {
			isa = XCBuildConfiguration;
			buildSettings = {
				ALWAYS_SEARCH_USER_PATHS = NO;
				CLANG_CXX_LANGUAGE_STANDARD = "gnu++0x";
				CLANG_CXX_LIBRARY = "libc++";
				CLANG_ENABLE_MODULES = YES;
				CLANG_ENABLE_OBJC_ARC = YES;
				CLANG_WARN_BOOL_CONVERSION = YES;
				CLANG_WARN_CONSTANT_CONVERSION = YES;
				CLANG_WARN_DIRECT_OBJC_ISA_USAGE = YES_ERROR;
				CLANG_WARN_EMPTY_BODY = YES;
				CLANG_WARN_ENUM_CONVERSION = YES;
				CLANG_WARN_INT_CONVERSION = YES;
				CLANG_WARN_OBJC_ROOT_CLASS = YES_ERROR;
				CLANG_WARN_UNREACHABLE_CODE = YES;
				CLANG_WARN__DUPLICATE_METHOD_MATCH = YES;
				"CODE_SIGN_IDENTITY[sdk=iphoneos*]" = "iPhone Developer";
				COPY_PHASE_STRIP = NO;
				DEBUG_INFORMATION_FORMAT = dwarf;
				ENABLE_STRICT_OBJC_MSGSEND = YES;
				ENABLE_TESTABILITY = YES;
				GCC_C_LANGUAGE_STANDARD = gnu99;
				GCC_DYNAMIC_NO_PIC = NO;
				GCC_NO_COMMON_BLOCKS = YES;
				GCC_OPTIMIZATION_LEVEL = 0;
				GCC_PREPROCESSOR_DEFINITIONS = (
					"DEBUG=1",
					"$(inherited)",
				);
				GCC_WARN_64_TO_32_BIT_CONVERSION = YES;
				GCC_WARN_ABOUT_RETURN_TYPE = YES_ERROR;
				GCC_WARN_UNDECLARED_SELECTOR = YES;
				GCC_WARN_UNINITIALIZED_AUTOS = YES_AGGRESSIVE;
				GCC_WARN_UNUSED_FUNCTION = YES;
				GCC_WARN_UNUSED_VARIABLE = YES;
				IPHONEOS_DEPLOYMENT_TARGET = 9.1;
				MTL_ENABLE_DEBUG_INFO = YES;
				ONLY_ACTIVE_ARCH = YES;
				SDKROOT = iphoneos;
			};
			name = Debug;
		};
		D7B3FDFB1BFC3AAA00D5E6A2 /* Release */ = {
			isa = XCBuildConfiguration;
			buildSettings = {
				ALWAYS_SEARCH_USER_PATHS = NO;
				CLANG_CXX_LANGUAGE_STANDARD = "gnu++0x";
				CLANG_CXX_LIBRARY = "libc++";
				CLANG_ENABLE_MODULES = YES;
				CLANG_ENABLE_OBJC_ARC = YES;
				CLANG_WARN_BOOL_CONVERSION = YES;
				CLANG_WARN_CONSTANT_CONVERSION = YES;
				CLANG_WARN_DIRECT_OBJC_ISA_USAGE = YES_ERROR;
				CLANG_WARN_EMPTY_BODY = YES;
				CLANG_WARN_ENUM_CONVERSION = YES;
				CLANG_WARN_INT_CONVERSION = YES;
				CLANG_WARN_OBJC_ROOT_CLASS = YES_ERROR;
				CLANG_WARN_UNREACHABLE_CODE = YES;
				CLANG_WARN__DUPLICATE_METHOD_MATCH = YES;
				"CODE_SIGN_IDENTITY[sdk=iphoneos*]" = "iPhone Developer";
				COPY_PHASE_STRIP = NO;
				DEBUG_INFORMATION_FORMAT = "dwarf-with-dsym";
				ENABLE_NS_ASSERTIONS = NO;
				ENABLE_STRICT_OBJC_MSGSEND = YES;
				GCC_C_LANGUAGE_STANDARD = gnu99;
				GCC_NO_COMMON_BLOCKS = YES;
				GCC_WARN_64_TO_32_BIT_CONVERSION = YES;
				GCC_WARN_ABOUT_RETURN_TYPE = YES_ERROR;
				GCC_WARN_UNDECLARED_SELECTOR = YES;
				GCC_WARN_UNINITIALIZED_AUTOS = YES_AGGRESSIVE;
				GCC_WARN_UNUSED_FUNCTION = YES;
				GCC_WARN_UNUSED_VARIABLE = YES;
				IPHONEOS_DEPLOYMENT_TARGET = 9.1;
				MTL_ENABLE_DEBUG_INFO = NO;
				SDKROOT = iphoneos;
				VALIDATE_PRODUCT = YES;
			};
			name = Release;
		};
		D7B3FDFD1BFC3AAA00D5E6A2 /* Debug */ = {
			isa = XCBuildConfiguration;
			baseConfigurationReference = 19D94CD0037A9D67CD97DA82 /* Pods.debug.xcconfig */;
			buildSettings = {
				ASSETCATALOG_COMPILER_APPICON_NAME = AppIcon;
				INFOPLIST_FILE = LianKa/Info.plist;
				LD_RUNPATH_SEARCH_PATHS = "$(inherited) @executable_path/Frameworks";
				PRODUCT_BUNDLE_IDENTIFIER = thj.LianKa;
				PRODUCT_NAME = "$(TARGET_NAME)";
			};
			name = Debug;
		};
		D7B3FDFE1BFC3AAA00D5E6A2 /* Release */ = {
			isa = XCBuildConfiguration;
			baseConfigurationReference = 7ACF4DF8E4BBE69C43E4BE17 /* Pods.release.xcconfig */;
			buildSettings = {
				ASSETCATALOG_COMPILER_APPICON_NAME = AppIcon;
				INFOPLIST_FILE = LianKa/Info.plist;
				LD_RUNPATH_SEARCH_PATHS = "$(inherited) @executable_path/Frameworks";
				PRODUCT_BUNDLE_IDENTIFIER = thj.LianKa;
				PRODUCT_NAME = "$(TARGET_NAME)";
			};
			name = Release;
		};
		D7B3FE001BFC3AAA00D5E6A2 /* Debug */ = {
			isa = XCBuildConfiguration;
			buildSettings = {
				BUNDLE_LOADER = "$(TEST_HOST)";
				INFOPLIST_FILE = LianKaTests/Info.plist;
				LD_RUNPATH_SEARCH_PATHS = "$(inherited) @executable_path/Frameworks @loader_path/Frameworks";
				PRODUCT_BUNDLE_IDENTIFIER = thj.LianKaTests;
				PRODUCT_NAME = "$(TARGET_NAME)";
				TEST_HOST = "$(BUILT_PRODUCTS_DIR)/LianKa.app/LianKa";
			};
			name = Debug;
		};
		D7B3FE011BFC3AAA00D5E6A2 /* Release */ = {
			isa = XCBuildConfiguration;
			buildSettings = {
				BUNDLE_LOADER = "$(TEST_HOST)";
				INFOPLIST_FILE = LianKaTests/Info.plist;
				LD_RUNPATH_SEARCH_PATHS = "$(inherited) @executable_path/Frameworks @loader_path/Frameworks";
				PRODUCT_BUNDLE_IDENTIFIER = thj.LianKaTests;
				PRODUCT_NAME = "$(TARGET_NAME)";
				TEST_HOST = "$(BUILT_PRODUCTS_DIR)/LianKa.app/LianKa";
			};
			name = Release;
		};
		D7B3FE031BFC3AAA00D5E6A2 /* Debug */ = {
			isa = XCBuildConfiguration;
			buildSettings = {
				INFOPLIST_FILE = LianKaUITests/Info.plist;
				LD_RUNPATH_SEARCH_PATHS = "$(inherited) @executable_path/Frameworks @loader_path/Frameworks";
				PRODUCT_BUNDLE_IDENTIFIER = thj.LianKaUITests;
				PRODUCT_NAME = "$(TARGET_NAME)";
				TEST_TARGET_NAME = LianKa;
				USES_XCTRUNNER = YES;
			};
			name = Debug;
		};
		D7B3FE041BFC3AAA00D5E6A2 /* Release */ = {
			isa = XCBuildConfiguration;
			buildSettings = {
				INFOPLIST_FILE = LianKaUITests/Info.plist;
				LD_RUNPATH_SEARCH_PATHS = "$(inherited) @executable_path/Frameworks @loader_path/Frameworks";
				PRODUCT_BUNDLE_IDENTIFIER = thj.LianKaUITests;
				PRODUCT_NAME = "$(TARGET_NAME)";
				TEST_TARGET_NAME = LianKa;
				USES_XCTRUNNER = YES;
			};
			name = Release;
		};
/* End XCBuildConfiguration section */

/* Begin XCConfigurationList section */
		D7B3FDCA1BFC3AAA00D5E6A2 /* Build configuration list for PBXProject "LianKa" */ = {
			isa = XCConfigurationList;
			buildConfigurations = (
				D7B3FDFA1BFC3AAA00D5E6A2 /* Debug */,
				D7B3FDFB1BFC3AAA00D5E6A2 /* Release */,
			);
			defaultConfigurationIsVisible = 0;
			defaultConfigurationName = Release;
		};
		D7B3FDFC1BFC3AAA00D5E6A2 /* Build configuration list for PBXNativeTarget "LianKa" */ = {
			isa = XCConfigurationList;
			buildConfigurations = (
				D7B3FDFD1BFC3AAA00D5E6A2 /* Debug */,
				D7B3FDFE1BFC3AAA00D5E6A2 /* Release */,
			);
			defaultConfigurationIsVisible = 0;
			defaultConfigurationName = Release;
		};
		D7B3FDFF1BFC3AAA00D5E6A2 /* Build configuration list for PBXNativeTarget "LianKaTests" */ = {
			isa = XCConfigurationList;
			buildConfigurations = (
				D7B3FE001BFC3AAA00D5E6A2 /* Debug */,
				D7B3FE011BFC3AAA00D5E6A2 /* Release */,
			);
			defaultConfigurationIsVisible = 0;
			defaultConfigurationName = Release;
		};
		D7B3FE021BFC3AAA00D5E6A2 /* Build configuration list for PBXNativeTarget "LianKaUITests" */ = {
			isa = XCConfigurationList;
			buildConfigurations = (
				D7B3FE031BFC3AAA00D5E6A2 /* Debug */,
				D7B3FE041BFC3AAA00D5E6A2 /* Release */,
			);
			defaultConfigurationIsVisible = 0;
			defaultConfigurationName = Release;
		};
/* End XCConfigurationList section */
	};
	rootObject = D7B3FDC71BFC3AAA00D5E6A2 /* Project object */;
}
